{
  "name": "@gewaer/gw-settings",
  "version": "0.2.5",
  "lockfileVersion": 1,
  "requires": true,
  "dependencies": {
    "@uppy/companion-client": {
      "version": "1.4.1",
      "resolved": "https://registry.npmjs.org/@uppy/companion-client/-/companion-client-1.4.1.tgz",
      "integrity": "sha512-ZQpEibQMDRwCzp3zugRHlCl/ne7UpCF+4ZfayhspGt7nz8tuUZXuDH15LhyMS06Y9S/kXTRMrA/w5bY42QtHDw==",
      "requires": {
        "namespace-emitter": "^2.0.1"
      }
    },
    "@uppy/core": {
      "version": "1.6.0",
      "resolved": "https://registry.npmjs.org/@uppy/core/-/core-1.6.0.tgz",
      "integrity": "sha512-uKiP0HiI6kO1MhBGluJICExB7Pc5zrxNdPBjuJ3h4ZMLmqXqWmlelJ1T2MGZxpfFrBwmBM1jGuatLN+1n6ziyQ==",
      "requires": {
        "@uppy/store-default": "^1.2.0",
        "@uppy/utils": "^2.1.0",
        "cuid": "^2.1.1",
        "lodash.throttle": "^4.1.1",
        "mime-match": "^1.0.2",
        "namespace-emitter": "^2.0.1",
        "preact": "8.2.9"
      }
    },
    "@uppy/dashboard": {
      "version": "1.5.0",
      "resolved": "https://registry.npmjs.org/@uppy/dashboard/-/dashboard-1.5.0.tgz",
      "integrity": "sha512-6oHwPXk+ubBINV+YlqmjyzHpBUqPKDldjIOIWHhLwJOwz28LzdnCgYNOdaFxdPtg3YwKUzi26hn47Wg6CgzdVA==",
      "requires": {
        "@uppy/informer": "^1.3.2",
        "@uppy/provider-views": "^1.5.0",
        "@uppy/status-bar": "^1.4.0",
        "@uppy/thumbnail-generator": "^1.5.0",
        "@uppy/utils": "^2.1.0",
        "classnames": "^2.2.6",
        "cuid": "^2.1.1",
        "is-shallow-equal": "^1.0.1",
        "lodash.debounce": "^4.0.8",
        "lodash.throttle": "^4.1.1",
        "memoize-one": "^5.0.4",
        "preact": "8.2.9",
        "preact-css-transition-group": "^1.3.0",
        "resize-observer-polyfill": "^1.5.0"
      }
    },
    "@uppy/file-input": {
      "version": "1.4.0",
      "resolved": "https://registry.npmjs.org/@uppy/file-input/-/file-input-1.4.0.tgz",
      "integrity": "sha512-JbmDnhbIkuzZj/Im3jWTguDUarbbCQHeCXc2Zbhh9AutLQaMxITsdB3KoTRNd0dlkwfLY9b5zOdcqOfa0aJXEg==",
      "requires": {
        "@uppy/utils": "^2.1.0",
        "preact": "8.2.9"
      }
    },
    "@uppy/google-drive": {
      "version": "1.3.3",
      "resolved": "https://registry.npmjs.org/@uppy/google-drive/-/google-drive-1.3.3.tgz",
      "integrity": "sha512-7KlhTeOemuJhlTw012BeAfF0/r7yZ8LB7CwrDWMV59T3LjF9ScY7IkBpw2axUhqOPQ35G7YnGRnTHObJV35yeA==",
      "requires": {
        "@uppy/companion-client": "^1.4.1",
        "@uppy/provider-views": "^1.5.0",
        "@uppy/utils": "^2.1.0",
        "preact": "8.2.9"
      }
    },
    "@uppy/informer": {
      "version": "1.3.2",
      "resolved": "https://registry.npmjs.org/@uppy/informer/-/informer-1.3.2.tgz",
      "integrity": "sha512-4XOdPitL0ZfbVXWFcvUNGkvkkC+5kO0MlZrvNTv7JsnJ8obvzwcsBd/BWBb4zXOAKFFA7NvyWPy5ErCibr4eMg==",
      "requires": {
        "@uppy/utils": "^2.1.0",
        "preact": "8.2.9"
      }
    },
    "@uppy/provider-views": {
      "version": "1.5.0",
      "resolved": "https://registry.npmjs.org/@uppy/provider-views/-/provider-views-1.5.0.tgz",
      "integrity": "sha512-qjVjfi2XiBTZaflgo7Pv5AHyBTJP2hROgUOpO6oP8XgLbINp3gk6yvBw8ByxNEPVb15FnHFpsNuvIERuBi4AWg==",
      "requires": {
        "@uppy/utils": "^2.1.0",
        "classnames": "^2.2.6",
        "preact": "8.2.9"
      }
    },
    "@uppy/status-bar": {
      "version": "1.4.0",
      "resolved": "https://registry.npmjs.org/@uppy/status-bar/-/status-bar-1.4.0.tgz",
      "integrity": "sha512-NZqvAX21vGm7wZjGCq4vlY67CBGURMB0UUi9QPNJGnS79/3oTxbinRcm3vXzgxYwh38BuE8y4tKrDv/ENLxoUA==",
      "requires": {
        "@uppy/utils": "^2.1.0",
        "classnames": "^2.2.6",
        "lodash.throttle": "^4.1.1",
        "preact": "8.2.9"
      }
    },
    "@uppy/store-default": {
      "version": "1.2.0",
      "resolved": "https://registry.npmjs.org/@uppy/store-default/-/store-default-1.2.0.tgz",
      "integrity": "sha512-mnkxdX4DJMP2nrBklh5MXdn31bAyBSlCcp4+BZanFwv4WiCEpg/ruYzNzaJ1nVyuINJEDj2nx/DWxo+1F6WuWw=="
    },
    "@uppy/thumbnail-generator": {
      "version": "1.5.0",
      "resolved": "https://registry.npmjs.org/@uppy/thumbnail-generator/-/thumbnail-generator-1.5.0.tgz",
      "integrity": "sha512-Fq8St34qh4ubed54xGPROs/C8tZfR1rwc0BajbupJKtcNJ7siVrPwoNra9MOKZ/2Gc9DCCpYGiBNyaMJZoRsNg==",
      "requires": {
        "@uppy/utils": "^2.1.0",
        "exif-js": "2.3.0"
      }
    },
    "@uppy/url": {
      "version": "1.4.0",
      "resolved": "https://registry.npmjs.org/@uppy/url/-/url-1.4.0.tgz",
      "integrity": "sha512-OTImClRq4ppVqJ1uOXs4HnHFfi5MvggK5pldXCzmylAgU0nSN2NOfzTnJb1SZ5n08DmuXkEckASOIaPDasKJcg==",
      "requires": {
        "@uppy/companion-client": "^1.4.1",
        "@uppy/utils": "^2.1.0",
        "preact": "8.2.9"
      }
    },
    "@uppy/utils": {
      "version": "2.1.0",
      "resolved": "https://registry.npmjs.org/@uppy/utils/-/utils-2.1.0.tgz",
      "integrity": "sha512-poNKSxx6g2h17uPi7P+EV0MvIDl15peh7m0RI26c73v47Kln8C1Th94erqMSPEbsmf37/3bz1TjABJUdMhLaDw==",
      "requires": {
        "lodash.throttle": "^4.1.1"
      }
    },
    "@uppy/xhr-upload": {
      "version": "1.4.0",
      "resolved": "https://registry.npmjs.org/@uppy/xhr-upload/-/xhr-upload-1.4.0.tgz",
      "integrity": "sha512-xEdk7FN87+5c/i3eEm9lorUCcj+d6HUuheyjDcvDW80PdOZslhCexL816QatyYxVOWru79yJF82rvdrC6qdFIQ==",
      "requires": {
        "@uppy/companion-client": "^1.4.1",
        "@uppy/utils": "^2.1.0",
        "cuid": "^2.1.1"
      }
    },
    "classnames": {
      "version": "2.2.6",
      "resolved": "https://registry.npmjs.org/classnames/-/classnames-2.2.6.tgz",
      "integrity": "sha512-JR/iSQOSt+LQIWwrwEzJ9uk0xfN3mTVYMwt1Ir5mUcSN6pU+V4zQFFaJsclJbPuAUQH+yfWef6tm7l1quW3C8Q=="
    },
    "core-js": {
      "version": "3.5.0",
      "resolved": "https://registry.npmjs.org/core-js/-/core-js-3.5.0.tgz",
      "integrity": "sha512-Ifh3kj78gzQ7NAoJXeTu+XwzDld0QRIwjBLRqAMhuLhP3d2Av5wmgE9ycfnvK6NAEjTkQ1sDPeoEZAWO3Hx1Uw=="
    },
    "cuid": {
      "version": "2.1.6",
      "resolved": "https://registry.npmjs.org/cuid/-/cuid-2.1.6.tgz",
      "integrity": "sha512-ZFp7PS6cSYMJNch9fc3tyHdE4T8TDo3Y5qAxb0KSA9mpiYDo7z9ql1CznFuuzxea9STVIDy0tJWm2lYiX2ZU1Q=="
    },
    "exif-js": {
      "version": "2.3.0",
      "resolved": "https://registry.npmjs.org/exif-js/-/exif-js-2.3.0.tgz",
      "integrity": "sha1-nRCBm/Vx+HOBPnZAJBJVq5zhqBQ="
    },
    "is-shallow-equal": {
      "version": "1.0.1",
      "resolved": "https://registry.npmjs.org/is-shallow-equal/-/is-shallow-equal-1.0.1.tgz",
      "integrity": "sha512-lq5RvK+85Hs5J3p4oA4256M1FEffzmI533ikeDHvJd42nouRRx5wBzt36JuviiGe5dIPyHON/d0/Up+PBo6XkQ=="
    },
    "is-url": {
      "version": "1.2.4",
      "resolved": "https://registry.npmjs.org/is-url/-/is-url-1.2.4.tgz",
      "integrity": "sha512-ITvGim8FhRiYe4IQ5uHSkj7pVaPDrCTkNd3yq3cV7iZAcJdHTUMPMEHcqSOy9xZ9qFenQCvi+2wjH9a1nXqHww=="
    },
    "lodash": {
      "version": "4.17.15",
      "resolved": "https://registry.npmjs.org/lodash/-/lodash-4.17.15.tgz",
      "integrity": "sha512-8xOcRHvCjnocdS5cpwXQXVzmmh5e5+saE2QGoeQmbKmRS6J3VQppPOIt0MnmE+4xlZoumy0GPG0D0MVIQbNA1A=="
    },
    "lodash.debounce": {
      "version": "4.0.8",
      "resolved": "https://registry.npmjs.org/lodash.debounce/-/lodash.debounce-4.0.8.tgz",
      "integrity": "sha1-gteb/zCmfEAF/9XiUVMArZyk168="
    },
    "lodash.throttle": {
      "version": "4.1.1",
      "resolved": "https://registry.npmjs.org/lodash.throttle/-/lodash.throttle-4.1.1.tgz",
      "integrity": "sha1-wj6RtxAkKscMN/HhzaknTMOb8vQ="
    },
    "memoize-one": {
      "version": "5.1.1",
      "resolved": "https://registry.npmjs.org/memoize-one/-/memoize-one-5.1.1.tgz",
      "integrity": "sha512-HKeeBpWvqiVJD57ZUAsJNm71eHTykffzcLZVYWiVfQeI1rJtuEaS7hQiEpWfVVk18donPwJEcFKIkCmPJNOhHA=="
    },
    "mime-match": {
      "version": "1.0.2",
      "resolved": "https://registry.npmjs.org/mime-match/-/mime-match-1.0.2.tgz",
      "integrity": "sha1-P4fDHprxpf1IX7nbE0Qosju7e6g=",
      "requires": {
        "wildcard": "^1.1.0"
      }
    },
    "namespace-emitter": {
      "version": "2.0.1",
      "resolved": "https://registry.npmjs.org/namespace-emitter/-/namespace-emitter-2.0.1.tgz",
      "integrity": "sha512-N/sMKHniSDJBjfrkbS/tpkPj4RAbvW3mr8UAzvlMHyun93XEm83IAvhWtJVHo+RHn/oO8Job5YN4b+wRjSVp5g=="
    },
    "preact": {
      "version": "8.2.9",
      "resolved": "https://registry.npmjs.org/preact/-/preact-8.2.9.tgz",
      "integrity": "sha512-ThuGXBmJS3VsT+jIP+eQufD3L8pRw/PY3FoCys6O9Pu6aF12Pn9zAJDX99TfwRAFOCEKm/P0lwiPTbqKMJp0fA=="
    },
    "preact-css-transition-group": {
      "version": "1.3.0",
      "resolved": "https://registry.npmjs.org/preact-css-transition-group/-/preact-css-transition-group-1.3.0.tgz",
      "integrity": "sha1-Bv5Giyb3gC6VuCmnYtsLwZmu85k="
    },
    "resize-observer-polyfill": {
      "version": "1.5.1",
      "resolved": "https://registry.npmjs.org/resize-observer-polyfill/-/resize-observer-polyfill-1.5.1.tgz",
      "integrity": "sha512-LwZrotdHOo12nQuZlHEmtuXdqGoOD0OhaxopaNFxWzInpEgaLWoVuAMbTzixuosCx2nEG58ngzW3vxdWoxIgdg=="
    },
    "uuid": {
      "version": "3.3.3",
      "resolved": "https://registry.npmjs.org/uuid/-/uuid-3.3.3.tgz",
      "integrity": "sha512-pW0No1RGHgzlpHJO1nsVrHKpOEIxkGg1xB+v0ZmdNH5OAeAwzAVrCnI2/6Mtx+Uys6iaylxa+D3g4j63IKKjSQ=="
    },
    "vue-stripe-elements-plus": {
      "version": "0.3.2",
      "resolved": "https://registry.npmjs.org/vue-stripe-elements-plus/-/vue-stripe-elements-plus-0.3.2.tgz",
      "integrity": "sha512-Cuo+guUye1bHrwgQyU4Yb9mIEH+IKiz/QKNW7I70z1BWSIU0OjCgDHWcdBUDIgzLGip4/8FQqSa8IICKT+Lzmg==",
      "requires": {
        "lodash": "^4.17.11"
      }
    },
    "wildcard": {
      "version": "1.1.2",
      "resolved": "https://registry.npmjs.org/wildcard/-/wildcard-1.1.2.tgz",
      "integrity": "sha1-pwIEUwhNjNLv5wup02liY94XEKU="
    }
  }
}
